// !$*UTF8*$!
{
	archiveVersion = 1;
	classes = {
	};
	objectVersion = 56;
	objects = {

/* Begin PBXBuildFile section */
		3B5B634F2BD26E110091C354 /* WelcomeView.swift in Sources */ = {isa = PBXBuildFile; fileRef = 3B5B634E2BD26E110091C354 /* WelcomeView.swift */; };
		3B5B63522BD272D70091C354 /* GreyButtonView.swift in Sources */ = {isa = PBXBuildFile; fileRef = 3B5B63512BD272D70091C354 /* GreyButtonView.swift */; };
		3B6455E32BD3156B0016DD54 /* AuthManager.swift in Sources */ = {isa = PBXBuildFile; fileRef = 3B6455E22BD3156B0016DD54 /* AuthManager.swift */; };
		3B6455E52BD31AA50016DD54 /* RootView.swift in Sources */ = {isa = PBXBuildFile; fileRef = 3B6455E42BD31AA50016DD54 /* RootView.swift */; };
		3B6455E72BD3226C0016DD54 /* PlayersViewModel.swift in Sources */ = {isa = PBXBuildFile; fileRef = 3B6455E62BD3226C0016DD54 /* PlayersViewModel.swift */; };
		3B6455EE2BD408240016DD54 /* AddPlayerView.swift in Sources */ = {isa = PBXBuildFile; fileRef = 3B6455ED2BD408240016DD54 /* AddPlayerView.swift */; };
		3B6455F12BD40F170016DD54 /* TextField+extension.swift in Sources */ = {isa = PBXBuildFile; fileRef = 3B6455F02BD40F170016DD54 /* TextField+extension.swift */; };
		3B6455F42BD410820016DD54 /* CustomTextField in Frameworks */ = {isa = PBXBuildFile; productRef = 3B6455F32BD410820016DD54 /* CustomTextField */; };
		3B6455F62BD416730016DD54 /* CustomTextFieldView.swift in Sources */ = {isa = PBXBuildFile; fileRef = 3B6455F52BD416730016DD54 /* CustomTextFieldView.swift */; };
		3B6455F82BD417D80016DD54 /* AddPlayerViewModel.swift in Sources */ = {isa = PBXBuildFile; fileRef = 3B6455F72BD417D80016DD54 /* AddPlayerViewModel.swift */; };
		3B6455FA2BD41FEE0016DD54 /* GenderToggleView.swift in Sources */ = {isa = PBXBuildFile; fileRef = 3B6455F92BD41FEE0016DD54 /* GenderToggleView.swift */; };
		3B718A802BD64B0900434CA5 /* ProfileViewModel.swift in Sources */ = {isa = PBXBuildFile; fileRef = 3B718A7F2BD64B0900434CA5 /* ProfileViewModel.swift */; };
		3B718A822BD64F0800434CA5 /* AddMatchView.swift in Sources */ = {isa = PBXBuildFile; fileRef = 3B718A812BD64F0800434CA5 /* AddMatchView.swift */; };
		3B718A842BD6509300434CA5 /* AddMatchViewModel.swift in Sources */ = {isa = PBXBuildFile; fileRef = 3B718A832BD6509300434CA5 /* AddMatchViewModel.swift */; };
		3B718A882BD6546400434CA5 /* Match.swift in Sources */ = {isa = PBXBuildFile; fileRef = 3B718A872BD6546400434CA5 /* Match.swift */; };
		3B718A8A2BD6682B00434CA5 /* MatchTextFieldView.swift in Sources */ = {isa = PBXBuildFile; fileRef = 3B718A892BD6682B00434CA5 /* MatchTextFieldView.swift */; };
		3B74C08C2BC01176000A75A9 /* PTennisApp.swift in Sources */ = {isa = PBXBuildFile; fileRef = 3B74C08B2BC01176000A75A9 /* PTennisApp.swift */; };
		3B74C08E2BC01176000A75A9 /* ContentView.swift in Sources */ = {isa = PBXBuildFile; fileRef = 3B74C08D2BC01176000A75A9 /* ContentView.swift */; };
		3B74C0902BC01177000A75A9 /* Assets.xcassets in Resources */ = {isa = PBXBuildFile; fileRef = 3B74C08F2BC01177000A75A9 /* Assets.xcassets */; };
		3B74C0932BC01177000A75A9 /* Preview Assets.xcassets in Resources */ = {isa = PBXBuildFile; fileRef = 3B74C0922BC01177000A75A9 /* Preview Assets.xcassets */; };
		3B7F5B072BD57C760085165B /* CustomTabBar.swift in Sources */ = {isa = PBXBuildFile; fileRef = 3B7F5B062BD57C760085165B /* CustomTabBar.swift */; };
		3B7F5B092BD586A00085165B /* TabCurve.swift in Sources */ = {isa = PBXBuildFile; fileRef = 3B7F5B082BD586A00085165B /* TabCurve.swift */; };
		3B7F5B0C2BD591D90085165B /* MatchesView.swift in Sources */ = {isa = PBXBuildFile; fileRef = 3B7F5B0B2BD591D90085165B /* MatchesView.swift */; };
		3B7F5B0F2BD5920B0085165B /* ProfileView.swift in Sources */ = {isa = PBXBuildFile; fileRef = 3B7F5B0E2BD5920B0085165B /* ProfileView.swift */; };
		3BA0519E2BDC32F300815B9A /* MatchesViewModel.swift in Sources */ = {isa = PBXBuildFile; fileRef = 3BA0519D2BDC32F300815B9A /* MatchesViewModel.swift */; };
		3BA051A02BDC34EA00815B9A /* MatchCardView.swift in Sources */ = {isa = PBXBuildFile; fileRef = 3BA0519F2BDC34EA00815B9A /* MatchCardView.swift */; };
		3BDB86EB2BD28EF500E3135E /* LogInView.swift in Sources */ = {isa = PBXBuildFile; fileRef = 3BDB86EA2BD28EF500E3135E /* LogInView.swift */; };
		3BDB86ED2BD2901100E3135E /* BackButtonView.swift in Sources */ = {isa = PBXBuildFile; fileRef = 3BDB86EC2BD2901100E3135E /* BackButtonView.swift */; };
		3BDB86EF2BD2959E00E3135E /* GreenButtonView.swift in Sources */ = {isa = PBXBuildFile; fileRef = 3BDB86EE2BD2959E00E3135E /* GreenButtonView.swift */; };
		3BDB86F22BD2B2AD00E3135E /* FirebaseAnalytics in Frameworks */ = {isa = PBXBuildFile; productRef = 3BDB86F12BD2B2AD00E3135E /* FirebaseAnalytics */; };
		3BDB86F42BD2B2AD00E3135E /* FirebaseAnalyticsOnDeviceConversion in Frameworks */ = {isa = PBXBuildFile; productRef = 3BDB86F32BD2B2AD00E3135E /* FirebaseAnalyticsOnDeviceConversion */; };
		3BDB86F62BD2B2AD00E3135E /* FirebaseAnalyticsSwift in Frameworks */ = {isa = PBXBuildFile; productRef = 3BDB86F52BD2B2AD00E3135E /* FirebaseAnalyticsSwift */; };
		3BDB86F82BD2B2AD00E3135E /* FirebaseAnalyticsWithoutAdIdSupport in Frameworks */ = {isa = PBXBuildFile; productRef = 3BDB86F72BD2B2AD00E3135E /* FirebaseAnalyticsWithoutAdIdSupport */; };
		3BDB86FA2BD2B2AD00E3135E /* FirebaseAppCheck in Frameworks */ = {isa = PBXBuildFile; productRef = 3BDB86F92BD2B2AD00E3135E /* FirebaseAppCheck */; };
		3BDB86FC2BD2B2AD00E3135E /* FirebaseAppDistribution-Beta in Frameworks */ = {isa = PBXBuildFile; productRef = 3BDB86FB2BD2B2AD00E3135E /* FirebaseAppDistribution-Beta */; };
		3BDB86FE2BD2B2AD00E3135E /* FirebaseAuth in Frameworks */ = {isa = PBXBuildFile; productRef = 3BDB86FD2BD2B2AD00E3135E /* FirebaseAuth */; };
		3BDB87002BD2B2AD00E3135E /* FirebaseAuthCombine-Community in Frameworks */ = {isa = PBXBuildFile; productRef = 3BDB86FF2BD2B2AD00E3135E /* FirebaseAuthCombine-Community */; };
		3BDB87022BD2B2AD00E3135E /* FirebaseCrashlytics in Frameworks */ = {isa = PBXBuildFile; productRef = 3BDB87012BD2B2AD00E3135E /* FirebaseCrashlytics */; };
		3BDB87042BD2B2AD00E3135E /* FirebaseDatabase in Frameworks */ = {isa = PBXBuildFile; productRef = 3BDB87032BD2B2AD00E3135E /* FirebaseDatabase */; };
		3BDB87062BD2B2AD00E3135E /* FirebaseDatabaseSwift in Frameworks */ = {isa = PBXBuildFile; productRef = 3BDB87052BD2B2AD00E3135E /* FirebaseDatabaseSwift */; };
		3BDB87082BD2B2AD00E3135E /* FirebaseDynamicLinks in Frameworks */ = {isa = PBXBuildFile; productRef = 3BDB87072BD2B2AD00E3135E /* FirebaseDynamicLinks */; };
		3BDB870A2BD2B2AD00E3135E /* FirebaseFirestore in Frameworks */ = {isa = PBXBuildFile; productRef = 3BDB87092BD2B2AD00E3135E /* FirebaseFirestore */; };
		3BDB870C2BD2B2AD00E3135E /* FirebaseFirestoreCombine-Community in Frameworks */ = {isa = PBXBuildFile; productRef = 3BDB870B2BD2B2AD00E3135E /* FirebaseFirestoreCombine-Community */; };
		3BDB870E2BD2B2AD00E3135E /* FirebaseFirestoreSwift in Frameworks */ = {isa = PBXBuildFile; productRef = 3BDB870D2BD2B2AD00E3135E /* FirebaseFirestoreSwift */; };
		3BDB87102BD2B2AD00E3135E /* FirebaseFunctions in Frameworks */ = {isa = PBXBuildFile; productRef = 3BDB870F2BD2B2AD00E3135E /* FirebaseFunctions */; };
		3BDB87122BD2B2AD00E3135E /* FirebaseFunctionsCombine-Community in Frameworks */ = {isa = PBXBuildFile; productRef = 3BDB87112BD2B2AD00E3135E /* FirebaseFunctionsCombine-Community */; };
		3BDB87142BD2B2AD00E3135E /* FirebaseInAppMessaging-Beta in Frameworks */ = {isa = PBXBuildFile; productRef = 3BDB87132BD2B2AD00E3135E /* FirebaseInAppMessaging-Beta */; };
		3BDB87162BD2B2AD00E3135E /* FirebaseInAppMessagingSwift-Beta in Frameworks */ = {isa = PBXBuildFile; productRef = 3BDB87152BD2B2AD00E3135E /* FirebaseInAppMessagingSwift-Beta */; };
		3BDB87182BD2B2AD00E3135E /* FirebaseInstallations in Frameworks */ = {isa = PBXBuildFile; productRef = 3BDB87172BD2B2AD00E3135E /* FirebaseInstallations */; };
		3BDB871A2BD2B2AD00E3135E /* FirebaseMLModelDownloader in Frameworks */ = {isa = PBXBuildFile; productRef = 3BDB87192BD2B2AD00E3135E /* FirebaseMLModelDownloader */; };
		3BDB871C2BD2B2AD00E3135E /* FirebaseMessaging in Frameworks */ = {isa = PBXBuildFile; productRef = 3BDB871B2BD2B2AD00E3135E /* FirebaseMessaging */; };
		3BDB871E2BD2B2AD00E3135E /* FirebasePerformance in Frameworks */ = {isa = PBXBuildFile; productRef = 3BDB871D2BD2B2AD00E3135E /* FirebasePerformance */; };
		3BDB87202BD2B2AD00E3135E /* FirebaseRemoteConfig in Frameworks */ = {isa = PBXBuildFile; productRef = 3BDB871F2BD2B2AD00E3135E /* FirebaseRemoteConfig */; };
		3BDB87222BD2B2AD00E3135E /* FirebaseRemoteConfigSwift in Frameworks */ = {isa = PBXBuildFile; productRef = 3BDB87212BD2B2AD00E3135E /* FirebaseRemoteConfigSwift */; };
		3BDB87242BD2B2AD00E3135E /* FirebaseStorage in Frameworks */ = {isa = PBXBuildFile; productRef = 3BDB87232BD2B2AD00E3135E /* FirebaseStorage */; };
		3BDB87262BD2B2AD00E3135E /* FirebaseStorageCombine-Community in Frameworks */ = {isa = PBXBuildFile; productRef = 3BDB87252BD2B2AD00E3135E /* FirebaseStorageCombine-Community */; };
		3BDB87282BD2B34700E3135E /* GoogleService-Info.plist in Resources */ = {isa = PBXBuildFile; fileRef = 3BDB87272BD2B34700E3135E /* GoogleService-Info.plist */; };
		3BDB872A2BD2B3C300E3135E /* SignUpView.swift in Sources */ = {isa = PBXBuildFile; fileRef = 3BDB87292BD2B3C300E3135E /* SignUpView.swift */; };
		3BDB872E2BD2C1E900E3135E /* Player.swift in Sources */ = {isa = PBXBuildFile; fileRef = 3BDB872D2BD2C1E900E3135E /* Player.swift */; };
		3BDB87302BD2C6FF00E3135E /* DataManager.swift in Sources */ = {isa = PBXBuildFile; fileRef = 3BDB872F2BD2C6FF00E3135E /* DataManager.swift */; };
		3BDB87322BD2CABD00E3135E /* PlayersView.swift in Sources */ = {isa = PBXBuildFile; fileRef = 3BDB87312BD2CABD00E3135E /* PlayersView.swift */; };
		3BDB87362BD2EEFF00E3135E /* PlayerCardView.swift in Sources */ = {isa = PBXBuildFile; fileRef = 3BDB87352BD2EEFF00E3135E /* PlayerCardView.swift */; };
/* End PBXBuildFile section */

/* Begin PBXFileReference section */
		3B5B634E2BD26E110091C354 /* WelcomeView.swift */ = {isa = PBXFileReference; lastKnownFileType = sourcecode.swift; path = WelcomeView.swift; sourceTree = "<group>"; };
		3B5B63512BD272D70091C354 /* GreyButtonView.swift */ = {isa = PBXFileReference; lastKnownFileType = sourcecode.swift; path = GreyButtonView.swift; sourceTree = "<group>"; };
		3B6455E22BD3156B0016DD54 /* AuthManager.swift */ = {isa = PBXFileReference; lastKnownFileType = sourcecode.swift; path = AuthManager.swift; sourceTree = "<group>"; };
		3B6455E42BD31AA50016DD54 /* RootView.swift */ = {isa = PBXFileReference; lastKnownFileType = sourcecode.swift; path = RootView.swift; sourceTree = "<group>"; };
		3B6455E62BD3226C0016DD54 /* PlayersViewModel.swift */ = {isa = PBXFileReference; lastKnownFileType = sourcecode.swift; path = PlayersViewModel.swift; sourceTree = "<group>"; };
		3B6455ED2BD408240016DD54 /* AddPlayerView.swift */ = {isa = PBXFileReference; lastKnownFileType = sourcecode.swift; path = AddPlayerView.swift; sourceTree = "<group>"; };
		3B6455F02BD40F170016DD54 /* TextField+extension.swift */ = {isa = PBXFileReference; lastKnownFileType = sourcecode.swift; path = "TextField+extension.swift"; sourceTree = "<group>"; };
		3B6455F52BD416730016DD54 /* CustomTextFieldView.swift */ = {isa = PBXFileReference; lastKnownFileType = sourcecode.swift; path = CustomTextFieldView.swift; sourceTree = "<group>"; };
		3B6455F72BD417D80016DD54 /* AddPlayerViewModel.swift */ = {isa = PBXFileReference; lastKnownFileType = sourcecode.swift; path = AddPlayerViewModel.swift; sourceTree = "<group>"; };
		3B6455F92BD41FEE0016DD54 /* GenderToggleView.swift */ = {isa = PBXFileReference; lastKnownFileType = sourcecode.swift; path = GenderToggleView.swift; sourceTree = "<group>"; };
		3B718A7F2BD64B0900434CA5 /* ProfileViewModel.swift */ = {isa = PBXFileReference; lastKnownFileType = sourcecode.swift; path = ProfileViewModel.swift; sourceTree = "<group>"; };
		3B718A812BD64F0800434CA5 /* AddMatchView.swift */ = {isa = PBXFileReference; lastKnownFileType = sourcecode.swift; path = AddMatchView.swift; sourceTree = "<group>"; };
		3B718A832BD6509300434CA5 /* AddMatchViewModel.swift */ = {isa = PBXFileReference; lastKnownFileType = sourcecode.swift; path = AddMatchViewModel.swift; sourceTree = "<group>"; };
		3B718A872BD6546400434CA5 /* Match.swift */ = {isa = PBXFileReference; lastKnownFileType = sourcecode.swift; path = Match.swift; sourceTree = "<group>"; };
		3B718A892BD6682B00434CA5 /* MatchTextFieldView.swift */ = {isa = PBXFileReference; lastKnownFileType = sourcecode.swift; path = MatchTextFieldView.swift; sourceTree = "<group>"; };
		3B74C0882BC01176000A75A9 /* PTennis.app */ = {isa = PBXFileReference; explicitFileType = wrapper.application; includeInIndex = 0; path = PTennis.app; sourceTree = BUILT_PRODUCTS_DIR; };
		3B74C08B2BC01176000A75A9 /* PTennisApp.swift */ = {isa = PBXFileReference; lastKnownFileType = sourcecode.swift; path = PTennisApp.swift; sourceTree = "<group>"; };
		3B74C08D2BC01176000A75A9 /* ContentView.swift */ = {isa = PBXFileReference; lastKnownFileType = sourcecode.swift; path = ContentView.swift; sourceTree = "<group>"; };
		3B74C08F2BC01177000A75A9 /* Assets.xcassets */ = {isa = PBXFileReference; lastKnownFileType = folder.assetcatalog; path = Assets.xcassets; sourceTree = "<group>"; };
		3B74C0922BC01177000A75A9 /* Preview Assets.xcassets */ = {isa = PBXFileReference; lastKnownFileType = folder.assetcatalog; path = "Preview Assets.xcassets"; sourceTree = "<group>"; };
		3B7F5B062BD57C760085165B /* CustomTabBar.swift */ = {isa = PBXFileReference; lastKnownFileType = sourcecode.swift; path = CustomTabBar.swift; sourceTree = "<group>"; };
		3B7F5B082BD586A00085165B /* TabCurve.swift */ = {isa = PBXFileReference; lastKnownFileType = sourcecode.swift; path = TabCurve.swift; sourceTree = "<group>"; };
		3B7F5B0B2BD591D90085165B /* MatchesView.swift */ = {isa = PBXFileReference; lastKnownFileType = sourcecode.swift; path = MatchesView.swift; sourceTree = "<group>"; };
		3B7F5B0E2BD5920B0085165B /* ProfileView.swift */ = {isa = PBXFileReference; lastKnownFileType = sourcecode.swift; path = ProfileView.swift; sourceTree = "<group>"; };
		3BA0519D2BDC32F300815B9A /* MatchesViewModel.swift */ = {isa = PBXFileReference; lastKnownFileType = sourcecode.swift; path = MatchesViewModel.swift; sourceTree = "<group>"; };
		3BA0519F2BDC34EA00815B9A /* MatchCardView.swift */ = {isa = PBXFileReference; lastKnownFileType = sourcecode.swift; path = MatchCardView.swift; sourceTree = "<group>"; };
		3BDB86EA2BD28EF500E3135E /* LogInView.swift */ = {isa = PBXFileReference; lastKnownFileType = sourcecode.swift; path = LogInView.swift; sourceTree = "<group>"; };
		3BDB86EC2BD2901100E3135E /* BackButtonView.swift */ = {isa = PBXFileReference; lastKnownFileType = sourcecode.swift; path = BackButtonView.swift; sourceTree = "<group>"; };
		3BDB86EE2BD2959E00E3135E /* GreenButtonView.swift */ = {isa = PBXFileReference; lastKnownFileType = sourcecode.swift; path = GreenButtonView.swift; sourceTree = "<group>"; };
		3BDB87272BD2B34700E3135E /* GoogleService-Info.plist */ = {isa = PBXFileReference; fileEncoding = 4; lastKnownFileType = text.plist.xml; path = "GoogleService-Info.plist"; sourceTree = "<group>"; };
		3BDB87292BD2B3C300E3135E /* SignUpView.swift */ = {isa = PBXFileReference; lastKnownFileType = sourcecode.swift; path = SignUpView.swift; sourceTree = "<group>"; };
		3BDB872D2BD2C1E900E3135E /* Player.swift */ = {isa = PBXFileReference; lastKnownFileType = sourcecode.swift; path = Player.swift; sourceTree = "<group>"; };
		3BDB872F2BD2C6FF00E3135E /* DataManager.swift */ = {isa = PBXFileReference; lastKnownFileType = sourcecode.swift; path = DataManager.swift; sourceTree = "<group>"; };
		3BDB87312BD2CABD00E3135E /* PlayersView.swift */ = {isa = PBXFileReference; lastKnownFileType = sourcecode.swift; path = PlayersView.swift; sourceTree = "<group>"; };
		3BDB87352BD2EEFF00E3135E /* PlayerCardView.swift */ = {isa = PBXFileReference; lastKnownFileType = sourcecode.swift; path = PlayerCardView.swift; sourceTree = "<group>"; };
/* End PBXFileReference section */

/* Begin PBXFrameworksBuildPhase section */
		3B74C0852BC01176000A75A9 /* Frameworks */ = {
			isa = PBXFrameworksBuildPhase;
			buildActionMask = 2147483647;
			files = (
				3BDB87042BD2B2AD00E3135E /* FirebaseDatabase in Frameworks */,
				3BDB87122BD2B2AD00E3135E /* FirebaseFunctionsCombine-Community in Frameworks */,
				3BDB870A2BD2B2AD00E3135E /* FirebaseFirestore in Frameworks */,
				3BDB86F62BD2B2AD00E3135E /* FirebaseAnalyticsSwift in Frameworks */,
				3BDB86F22BD2B2AD00E3135E /* FirebaseAnalytics in Frameworks */,
				3BDB86F42BD2B2AD00E3135E /* FirebaseAnalyticsOnDeviceConversion in Frameworks */,
				3BDB871A2BD2B2AD00E3135E /* FirebaseMLModelDownloader in Frameworks */,
				3BDB870E2BD2B2AD00E3135E /* FirebaseFirestoreSwift in Frameworks */,
				3BDB86FA2BD2B2AD00E3135E /* FirebaseAppCheck in Frameworks */,
				3BDB86F82BD2B2AD00E3135E /* FirebaseAnalyticsWithoutAdIdSupport in Frameworks */,
				3BDB86FE2BD2B2AD00E3135E /* FirebaseAuth in Frameworks */,
				3BDB87022BD2B2AD00E3135E /* FirebaseCrashlytics in Frameworks */,
				3BDB87222BD2B2AD00E3135E /* FirebaseRemoteConfigSwift in Frameworks */,
				3BDB87142BD2B2AD00E3135E /* FirebaseInAppMessaging-Beta in Frameworks */,
				3BDB87062BD2B2AD00E3135E /* FirebaseDatabaseSwift in Frameworks */,
				3BDB87102BD2B2AD00E3135E /* FirebaseFunctions in Frameworks */,
				3BDB87262BD2B2AD00E3135E /* FirebaseStorageCombine-Community in Frameworks */,
				3BDB87202BD2B2AD00E3135E /* FirebaseRemoteConfig in Frameworks */,
				3BDB86FC2BD2B2AD00E3135E /* FirebaseAppDistribution-Beta in Frameworks */,
				3B6455F42BD410820016DD54 /* CustomTextField in Frameworks */,
				3BDB87002BD2B2AD00E3135E /* FirebaseAuthCombine-Community in Frameworks */,
				3BDB871E2BD2B2AD00E3135E /* FirebasePerformance in Frameworks */,
				3BDB87162BD2B2AD00E3135E /* FirebaseInAppMessagingSwift-Beta in Frameworks */,
				3BDB87242BD2B2AD00E3135E /* FirebaseStorage in Frameworks */,
				3BDB87082BD2B2AD00E3135E /* FirebaseDynamicLinks in Frameworks */,
				3BDB870C2BD2B2AD00E3135E /* FirebaseFirestoreCombine-Community in Frameworks */,
				3BDB871C2BD2B2AD00E3135E /* FirebaseMessaging in Frameworks */,
				3BDB87182BD2B2AD00E3135E /* FirebaseInstallations in Frameworks */,
			);
			runOnlyForDeploymentPostprocessing = 0;
		};
/* End PBXFrameworksBuildPhase section */

/* Begin PBXGroup section */
		3B5B63502BD272AA0091C354 /* Helpers */ = {
			isa = PBXGroup;
			children = (
				3B5B63532BD273B20091C354 /* UI */,
			);
			path = Helpers;
			sourceTree = "<group>";
		};
		3B5B63532BD273B20091C354 /* UI */ = {
			isa = PBXGroup;
			children = (
				3B7F5B052BD57C570085165B /* CustomTabBar */,
				3B6455EF2BD40EF30016DD54 /* Extentions */,
				3B5B63512BD272D70091C354 /* GreyButtonView.swift */,
				3BDB86EC2BD2901100E3135E /* BackButtonView.swift */,
				3BDB86EE2BD2959E00E3135E /* GreenButtonView.swift */,
				3B6455F52BD416730016DD54 /* CustomTextFieldView.swift */,
				3B6455F92BD41FEE0016DD54 /* GenderToggleView.swift */,
				3B718A892BD6682B00434CA5 /* MatchTextFieldView.swift */,
			);
			path = UI;
			sourceTree = "<group>";
		};
		3B5B63562BD28BB80091C354 /* Auth */ = {
			isa = PBXGroup;
			children = (
				3B5B63572BD28BD70091C354 /* View */,
				3B6455E22BD3156B0016DD54 /* AuthManager.swift */,
			);
			path = Auth;
			sourceTree = "<group>";
		};
		3B5B63572BD28BD70091C354 /* View */ = {
			isa = PBXGroup;
			children = (
				3B5B634E2BD26E110091C354 /* WelcomeView.swift */,
				3BDB86EA2BD28EF500E3135E /* LogInView.swift */,
				3B6455E42BD31AA50016DD54 /* RootView.swift */,
				3BDB87292BD2B3C300E3135E /* SignUpView.swift */,
			);
			path = View;
			sourceTree = "<group>";
		};
		3B6455E82BD4068F0016DD54 /* ViewModels */ = {
			isa = PBXGroup;
			children = (
				3B6455F72BD417D80016DD54 /* AddPlayerViewModel.swift */,
				3B6455E62BD3226C0016DD54 /* PlayersViewModel.swift */,
			);
			path = ViewModels;
			sourceTree = "<group>";
		};
		3B6455EA2BD406AD0016DD54 /* UI */ = {
			isa = PBXGroup;
			children = (
				3BDB87312BD2CABD00E3135E /* PlayersView.swift */,
				3BDB87352BD2EEFF00E3135E /* PlayerCardView.swift */,
				3B6455ED2BD408240016DD54 /* AddPlayerView.swift */,
			);
			path = UI;
			sourceTree = "<group>";
		};
		3B6455EB2BD406C10016DD54 /* App */ = {
			isa = PBXGroup;
			children = (
				3B74C08B2BC01176000A75A9 /* PTennisApp.swift */,
			);
			path = App;
			sourceTree = "<group>";
		};
		3B6455EC2BD407540016DD54 /* API */ = {
			isa = PBXGroup;
			children = (
				3BDB872F2BD2C6FF00E3135E /* DataManager.swift */,
			);
			path = API;
			sourceTree = "<group>";
		};
		3B6455EF2BD40EF30016DD54 /* Extentions */ = {
			isa = PBXGroup;
			children = (
				3B6455F02BD40F170016DD54 /* TextField+extension.swift */,
			);
			path = Extentions;
			sourceTree = "<group>";
		};
		3B74C07F2BC01176000A75A9 = {
			isa = PBXGroup;
			children = (
				3B74C08A2BC01176000A75A9 /* PTennis */,
				3B74C0892BC01176000A75A9 /* Products */,
			);
			sourceTree = "<group>";
		};
		3B74C0892BC01176000A75A9 /* Products */ = {
			isa = PBXGroup;
			children = (
				3B74C0882BC01176000A75A9 /* PTennis.app */,
			);
			name = Products;
			sourceTree = "<group>";
		};
		3B74C08A2BC01176000A75A9 /* PTennis */ = {
			isa = PBXGroup;
			children = (
				3B7F5B0D2BD591F80085165B /* Profile */,
				3B7F5B0A2BD591B20085165B /* Matches */,
				3B6455EC2BD407540016DD54 /* API */,
				3B6455EB2BD406C10016DD54 /* App */,
				3BDB87332BD2CAC300E3135E /* Players */,
				3B5B63562BD28BB80091C354 /* Auth */,
				3B5B63502BD272AA0091C354 /* Helpers */,
				3B74C08D2BC01176000A75A9 /* ContentView.swift */,
				3B74C08F2BC01177000A75A9 /* Assets.xcassets */,
				3BDB87272BD2B34700E3135E /* GoogleService-Info.plist */,
				3B74C0912BC01177000A75A9 /* Preview Content */,
			);
			path = PTennis;
			sourceTree = "<group>";
		};
		3B74C0912BC01177000A75A9 /* Preview Content */ = {
			isa = PBXGroup;
			children = (
				3B74C0922BC01177000A75A9 /* Preview Assets.xcassets */,
			);
			path = "Preview Content";
			sourceTree = "<group>";
		};
		3B7F5B052BD57C570085165B /* CustomTabBar */ = {
			isa = PBXGroup;
			children = (
				3B7F5B062BD57C760085165B /* CustomTabBar.swift */,
				3B7F5B082BD586A00085165B /* TabCurve.swift */,
			);
			path = CustomTabBar;
			sourceTree = "<group>";
		};
		3B7F5B0A2BD591B20085165B /* Matches */ = {
			isa = PBXGroup;
			children = (
				3BA0519C2BDB023600815B9A /* UI */,
				3BA0519B2BDB022700815B9A /* ViewModels */,
				3BA0519A2BDB021C00815B9A /* Model */,
			);
			path = Matches;
			sourceTree = "<group>";
		};
		3B7F5B0D2BD591F80085165B /* Profile */ = {
			isa = PBXGroup;
			children = (
				3B7F5B0E2BD5920B0085165B /* ProfileView.swift */,
				3B718A7F2BD64B0900434CA5 /* ProfileViewModel.swift */,
			);
			path = Profile;
			sourceTree = "<group>";
		};
		3BA0519A2BDB021C00815B9A /* Model */ = {
			isa = PBXGroup;
			children = (
				3B718A872BD6546400434CA5 /* Match.swift */,
			);
			path = Model;
			sourceTree = "<group>";
		};
		3BA0519B2BDB022700815B9A /* ViewModels */ = {
			isa = PBXGroup;
			children = (
				3B718A832BD6509300434CA5 /* AddMatchViewModel.swift */,
				3BA0519D2BDC32F300815B9A /* MatchesViewModel.swift */,
			);
			path = ViewModels;
			sourceTree = "<group>";
		};
		3BA0519C2BDB023600815B9A /* UI */ = {
			isa = PBXGroup;
			children = (
				3B7F5B0B2BD591D90085165B /* MatchesView.swift */,
				3B718A812BD64F0800434CA5 /* AddMatchView.swift */,
				3BA0519F2BDC34EA00815B9A /* MatchCardView.swift */,
			);
			path = UI;
			sourceTree = "<group>";
		};
		3BDB87332BD2CAC300E3135E /* Players */ = {
			isa = PBXGroup;
			children = (
				3B6455EA2BD406AD0016DD54 /* UI */,
				3B6455E82BD4068F0016DD54 /* ViewModels */,
				3BDB87342BD2CACE00E3135E /* Models */,
			);
			path = Players;
			sourceTree = "<group>";
		};
		3BDB87342BD2CACE00E3135E /* Models */ = {
			isa = PBXGroup;
			children = (
				3BDB872D2BD2C1E900E3135E /* Player.swift */,
			);
			path = Models;
			sourceTree = "<group>";
		};
/* End PBXGroup section */

/* Begin PBXNativeTarget section */
		3B74C0872BC01176000A75A9 /* PTennis */ = {
			isa = PBXNativeTarget;
			buildConfigurationList = 3B74C0962BC01177000A75A9 /* Build configuration list for PBXNativeTarget "PTennis" */;
			buildPhases = (
				3B74C0842BC01176000A75A9 /* Sources */,
				3B74C0852BC01176000A75A9 /* Frameworks */,
				3B74C0862BC01176000A75A9 /* Resources */,
			);
			buildRules = (
			);
			dependencies = (
			);
			name = PTennis;
			packageProductDependencies = (
				3BDB86F12BD2B2AD00E3135E /* FirebaseAnalytics */,
				3BDB86F32BD2B2AD00E3135E /* FirebaseAnalyticsOnDeviceConversion */,
				3BDB86F52BD2B2AD00E3135E /* FirebaseAnalyticsSwift */,
				3BDB86F72BD2B2AD00E3135E /* FirebaseAnalyticsWithoutAdIdSupport */,
				3BDB86F92BD2B2AD00E3135E /* FirebaseAppCheck */,
				3BDB86FB2BD2B2AD00E3135E /* FirebaseAppDistribution-Beta */,
				3BDB86FD2BD2B2AD00E3135E /* FirebaseAuth */,
				3BDB86FF2BD2B2AD00E3135E /* FirebaseAuthCombine-Community */,
				3BDB87012BD2B2AD00E3135E /* FirebaseCrashlytics */,
				3BDB87032BD2B2AD00E3135E /* FirebaseDatabase */,
				3BDB87052BD2B2AD00E3135E /* FirebaseDatabaseSwift */,
				3BDB87072BD2B2AD00E3135E /* FirebaseDynamicLinks */,
				3BDB87092BD2B2AD00E3135E /* FirebaseFirestore */,
				3BDB870B2BD2B2AD00E3135E /* FirebaseFirestoreCombine-Community */,
				3BDB870D2BD2B2AD00E3135E /* FirebaseFirestoreSwift */,
				3BDB870F2BD2B2AD00E3135E /* FirebaseFunctions */,
				3BDB87112BD2B2AD00E3135E /* FirebaseFunctionsCombine-Community */,
				3BDB87132BD2B2AD00E3135E /* FirebaseInAppMessaging-Beta */,
				3BDB87152BD2B2AD00E3135E /* FirebaseInAppMessagingSwift-Beta */,
				3BDB87172BD2B2AD00E3135E /* FirebaseInstallations */,
				3BDB87192BD2B2AD00E3135E /* FirebaseMLModelDownloader */,
				3BDB871B2BD2B2AD00E3135E /* FirebaseMessaging */,
				3BDB871D2BD2B2AD00E3135E /* FirebasePerformance */,
				3BDB871F2BD2B2AD00E3135E /* FirebaseRemoteConfig */,
				3BDB87212BD2B2AD00E3135E /* FirebaseRemoteConfigSwift */,
				3BDB87232BD2B2AD00E3135E /* FirebaseStorage */,
				3BDB87252BD2B2AD00E3135E /* FirebaseStorageCombine-Community */,
				3B6455F32BD410820016DD54 /* CustomTextField */,
			);
			productName = PTennis;
			productReference = 3B74C0882BC01176000A75A9 /* PTennis.app */;
			productType = "com.apple.product-type.application";
		};
/* End PBXNativeTarget section */

/* Begin PBXProject section */
		3B74C0802BC01176000A75A9 /* Project object */ = {
			isa = PBXProject;
			attributes = {
				BuildIndependentTargetsInParallel = 1;
				LastSwiftUpdateCheck = 1500;
				LastUpgradeCheck = 1500;
				TargetAttributes = {
					3B74C0872BC01176000A75A9 = {
						CreatedOnToolsVersion = 15.0.1;
					};
				};
			};
			buildConfigurationList = 3B74C0832BC01176000A75A9 /* Build configuration list for PBXProject "PTennis" */;
			compatibilityVersion = "Xcode 14.0";
			developmentRegion = en;
			hasScannedForEncodings = 0;
			knownRegions = (
				en,
				Base,
			);
			mainGroup = 3B74C07F2BC01176000A75A9;
			packageReferences = (
				3BDB86F02BD2B2AD00E3135E /* XCRemoteSwiftPackageReference "firebase-ios-sdk" */,
				3B6455F22BD410820016DD54 /* XCRemoteSwiftPackageReference "CustomTextField" */,
			);
			productRefGroup = 3B74C0892BC01176000A75A9 /* Products */;
			projectDirPath = "";
			projectRoot = "";
			targets = (
				3B74C0872BC01176000A75A9 /* PTennis */,
			);
		};
/* End PBXProject section */

/* Begin PBXResourcesBuildPhase section */
		3B74C0862BC01176000A75A9 /* Resources */ = {
			isa = PBXResourcesBuildPhase;
			buildActionMask = 2147483647;
			files = (
				3B74C0932BC01177000A75A9 /* Preview Assets.xcassets in Resources */,
				3B74C0902BC01177000A75A9 /* Assets.xcassets in Resources */,
				3BDB87282BD2B34700E3135E /* GoogleService-Info.plist in Resources */,
			);
			runOnlyForDeploymentPostprocessing = 0;
		};
/* End PBXResourcesBuildPhase section */

/* Begin PBXSourcesBuildPhase section */
		3B74C0842BC01176000A75A9 /* Sources */ = {
			isa = PBXSourcesBuildPhase;
			buildActionMask = 2147483647;
			files = (
				3BDB86EF2BD2959E00E3135E /* GreenButtonView.swift in Sources */,
				3BDB87302BD2C6FF00E3135E /* DataManager.swift in Sources */,
				3BDB86EB2BD28EF500E3135E /* LogInView.swift in Sources */,
				3B6455E32BD3156B0016DD54 /* AuthManager.swift in Sources */,
				3B6455E52BD31AA50016DD54 /* RootView.swift in Sources */,
				3B7F5B092BD586A00085165B /* TabCurve.swift in Sources */,
				3BA0519E2BDC32F300815B9A /* MatchesViewModel.swift in Sources */,
				3B6455F12BD40F170016DD54 /* TextField+extension.swift in Sources */,
				3B6455F82BD417D80016DD54 /* AddPlayerViewModel.swift in Sources */,
				3B718A842BD6509300434CA5 /* AddMatchViewModel.swift in Sources */,
				3B7F5B0C2BD591D90085165B /* MatchesView.swift in Sources */,
				3B74C08E2BC01176000A75A9 /* ContentView.swift in Sources */,
				3B5B63522BD272D70091C354 /* GreyButtonView.swift in Sources */,
				3BDB872A2BD2B3C300E3135E /* SignUpView.swift in Sources */,
				3B718A822BD64F0800434CA5 /* AddMatchView.swift in Sources */,
				3B5B634F2BD26E110091C354 /* WelcomeView.swift in Sources */,
				3B74C08C2BC01176000A75A9 /* PTennisApp.swift in Sources */,
				3B718A8A2BD6682B00434CA5 /* MatchTextFieldView.swift in Sources */,
				3B718A802BD64B0900434CA5 /* ProfileViewModel.swift in Sources */,
				3BDB872E2BD2C1E900E3135E /* Player.swift in Sources */,
				3BDB87362BD2EEFF00E3135E /* PlayerCardView.swift in Sources */,
				3BA051A02BDC34EA00815B9A /* MatchCardView.swift in Sources */,
				3B7F5B0F2BD5920B0085165B /* ProfileView.swift in Sources */,
				3B6455E72BD3226C0016DD54 /* PlayersViewModel.swift in Sources */,
				3B6455FA2BD41FEE0016DD54 /* GenderToggleView.swift in Sources */,
				3B7F5B072BD57C760085165B /* CustomTabBar.swift in Sources */,
				3BDB87322BD2CABD00E3135E /* PlayersView.swift in Sources */,
				3BDB86ED2BD2901100E3135E /* BackButtonView.swift in Sources */,
				3B6455EE2BD408240016DD54 /* AddPlayerView.swift in Sources */,
				3B6455F62BD416730016DD54 /* CustomTextFieldView.swift in Sources */,
				3B718A882BD6546400434CA5 /* Match.swift in Sources */,
			);
			runOnlyForDeploymentPostprocessing = 0;
		};
/* End PBXSourcesBuildPhase section */

/* Begin XCBuildConfiguration section */
		3B74C0942BC01177000A75A9 /* Debug */ = {
			isa = XCBuildConfiguration;
			buildSettings = {
				ALWAYS_SEARCH_USER_PATHS = NO;
				ASSETCATALOG_COMPILER_GENERATE_SWIFT_ASSET_SYMBOL_EXTENSIONS = YES;
				CLANG_ANALYZER_NONNULL = YES;
				CLANG_ANALYZER_NUMBER_OBJECT_CONVERSION = YES_AGGRESSIVE;
				CLANG_CXX_LANGUAGE_STANDARD = "gnu++20";
				CLANG_ENABLE_MODULES = YES;
				CLANG_ENABLE_OBJC_ARC = YES;
				CLANG_ENABLE_OBJC_WEAK = YES;
				CLANG_WARN_BLOCK_CAPTURE_AUTORELEASING = YES;
				CLANG_WARN_BOOL_CONVERSION = YES;
				CLANG_WARN_COMMA = YES;
				CLANG_WARN_CONSTANT_CONVERSION = YES;
				CLANG_WARN_DEPRECATED_OBJC_IMPLEMENTATIONS = YES;
				CLANG_WARN_DIRECT_OBJC_ISA_USAGE = YES_ERROR;
				CLANG_WARN_DOCUMENTATION_COMMENTS = YES;
				CLANG_WARN_EMPTY_BODY = YES;
				CLANG_WARN_ENUM_CONVERSION = YES;
				CLANG_WARN_INFINITE_RECURSION = YES;
				CLANG_WARN_INT_CONVERSION = YES;
				CLANG_WARN_NON_LITERAL_NULL_CONVERSION = YES;
				CLANG_WARN_OBJC_IMPLICIT_RETAIN_SELF = YES;
				CLANG_WARN_OBJC_LITERAL_CONVERSION = YES;
				CLANG_WARN_OBJC_ROOT_CLASS = YES_ERROR;
				CLANG_WARN_QUOTED_INCLUDE_IN_FRAMEWORK_HEADER = YES;
				CLANG_WARN_RANGE_LOOP_ANALYSIS = YES;
				CLANG_WARN_STRICT_PROTOTYPES = YES;
				CLANG_WARN_SUSPICIOUS_MOVE = YES;
				CLANG_WARN_UNGUARDED_AVAILABILITY = YES_AGGRESSIVE;
				CLANG_WARN_UNREACHABLE_CODE = YES;
				CLANG_WARN__DUPLICATE_METHOD_MATCH = YES;
				COPY_PHASE_STRIP = NO;
				DEBUG_INFORMATION_FORMAT = dwarf;
				ENABLE_STRICT_OBJC_MSGSEND = YES;
				ENABLE_TESTABILITY = YES;
				ENABLE_USER_SCRIPT_SANDBOXING = YES;
				GCC_C_LANGUAGE_STANDARD = gnu17;
				GCC_DYNAMIC_NO_PIC = NO;
				GCC_NO_COMMON_BLOCKS = YES;
				GCC_OPTIMIZATION_LEVEL = 0;
				GCC_PREPROCESSOR_DEFINITIONS = (
					"DEBUG=1",
					"$(inherited)",
				);
				GCC_WARN_64_TO_32_BIT_CONVERSION = YES;
				GCC_WARN_ABOUT_RETURN_TYPE = YES_ERROR;
				GCC_WARN_UNDECLARED_SELECTOR = YES;
				GCC_WARN_UNINITIALIZED_AUTOS = YES_AGGRESSIVE;
				GCC_WARN_UNUSED_FUNCTION = YES;
				GCC_WARN_UNUSED_VARIABLE = YES;
				IPHONEOS_DEPLOYMENT_TARGET = 15.0;
				LOCALIZATION_PREFERS_STRING_CATALOGS = YES;
				MTL_ENABLE_DEBUG_INFO = INCLUDE_SOURCE;
				MTL_FAST_MATH = YES;
				ONLY_ACTIVE_ARCH = YES;
				SDKROOT = iphoneos;
				SWIFT_ACTIVE_COMPILATION_CONDITIONS = "DEBUG $(inherited)";
				SWIFT_OPTIMIZATION_LEVEL = "-Onone";
			};
			name = Debug;
		};
		3B74C0952BC01177000A75A9 /* Release */ = {
			isa = XCBuildConfiguration;
			buildSettings = {
				ALWAYS_SEARCH_USER_PATHS = NO;
				ASSETCATALOG_COMPILER_GENERATE_SWIFT_ASSET_SYMBOL_EXTENSIONS = YES;
				CLANG_ANALYZER_NONNULL = YES;
				CLANG_ANALYZER_NUMBER_OBJECT_CONVERSION = YES_AGGRESSIVE;
				CLANG_CXX_LANGUAGE_STANDARD = "gnu++20";
				CLANG_ENABLE_MODULES = YES;
				CLANG_ENABLE_OBJC_ARC = YES;
				CLANG_ENABLE_OBJC_WEAK = YES;
				CLANG_WARN_BLOCK_CAPTURE_AUTORELEASING = YES;
				CLANG_WARN_BOOL_CONVERSION = YES;
				CLANG_WARN_COMMA = YES;
				CLANG_WARN_CONSTANT_CONVERSION = YES;
				CLANG_WARN_DEPRECATED_OBJC_IMPLEMENTATIONS = YES;
				CLANG_WARN_DIRECT_OBJC_ISA_USAGE = YES_ERROR;
				CLANG_WARN_DOCUMENTATION_COMMENTS = YES;
				CLANG_WARN_EMPTY_BODY = YES;
				CLANG_WARN_ENUM_CONVERSION = YES;
				CLANG_WARN_INFINITE_RECURSION = YES;
				CLANG_WARN_INT_CONVERSION = YES;
				CLANG_WARN_NON_LITERAL_NULL_CONVERSION = YES;
				CLANG_WARN_OBJC_IMPLICIT_RETAIN_SELF = YES;
				CLANG_WARN_OBJC_LITERAL_CONVERSION = YES;
				CLANG_WARN_OBJC_ROOT_CLASS = YES_ERROR;
				CLANG_WARN_QUOTED_INCLUDE_IN_FRAMEWORK_HEADER = YES;
				CLANG_WARN_RANGE_LOOP_ANALYSIS = YES;
				CLANG_WARN_STRICT_PROTOTYPES = YES;
				CLANG_WARN_SUSPICIOUS_MOVE = YES;
				CLANG_WARN_UNGUARDED_AVAILABILITY = YES_AGGRESSIVE;
				CLANG_WARN_UNREACHABLE_CODE = YES;
				CLANG_WARN__DUPLICATE_METHOD_MATCH = YES;
				COPY_PHASE_STRIP = NO;
				DEBUG_INFORMATION_FORMAT = "dwarf-with-dsym";
				ENABLE_NS_ASSERTIONS = NO;
				ENABLE_STRICT_OBJC_MSGSEND = YES;
				ENABLE_USER_SCRIPT_SANDBOXING = YES;
				GCC_C_LANGUAGE_STANDARD = gnu17;
				GCC_NO_COMMON_BLOCKS = YES;
				GCC_WARN_64_TO_32_BIT_CONVERSION = YES;
				GCC_WARN_ABOUT_RETURN_TYPE = YES_ERROR;
				GCC_WARN_UNDECLARED_SELECTOR = YES;
				GCC_WARN_UNINITIALIZED_AUTOS = YES_AGGRESSIVE;
				GCC_WARN_UNUSED_FUNCTION = YES;
				GCC_WARN_UNUSED_VARIABLE = YES;
				IPHONEOS_DEPLOYMENT_TARGET = 15.0;
				LOCALIZATION_PREFERS_STRING_CATALOGS = YES;
				MTL_ENABLE_DEBUG_INFO = NO;
				MTL_FAST_MATH = YES;
				SDKROOT = iphoneos;
				SWIFT_COMPILATION_MODE = wholemodule;
				VALIDATE_PRODUCT = YES;
			};
			name = Release;
		};
		3B74C0972BC01177000A75A9 /* Debug */ = {
			isa = XCBuildConfiguration;
			buildSettings = {
				ASSETCATALOG_COMPILER_APPICON_NAME = AppIcon;
				ASSETCATALOG_COMPILER_GLOBAL_ACCENT_COLOR_NAME = AccentColor;
				CODE_SIGN_STYLE = Automatic;
				CURRENT_PROJECT_VERSION = 1;
				DEVELOPMENT_ASSET_PATHS = "\"PTennis/Preview Content\"";
				DEVELOPMENT_TEAM = 5KT477LB69;
				ENABLE_PREVIEWS = YES;
				GENERATE_INFOPLIST_FILE = YES;
				INFOPLIST_KEY_UIApplicationSceneManifest_Generation = YES;
				INFOPLIST_KEY_UIApplicationSupportsIndirectInputEvents = YES;
				INFOPLIST_KEY_UILaunchScreen_Generation = YES;
				INFOPLIST_KEY_UIStatusBarStyle = "";
				INFOPLIST_KEY_UISupportedInterfaceOrientations = UIInterfaceOrientationPortrait;
				INFOPLIST_KEY_UISupportedInterfaceOrientations_iPad = "UIInterfaceOrientationLandscapeLeft UIInterfaceOrientationLandscapeRight UIInterfaceOrientationPortrait UIInterfaceOrientationPortraitUpsideDown";
				IPHONEOS_DEPLOYMENT_TARGET = 17.0;
				LD_RUNPATH_SEARCH_PATHS = (
					"$(inherited)",
					"@executable_path/Frameworks",
				);
				MARKETING_VERSION = 1.0;
				PRODUCT_BUNDLE_IDENTIFIER = com.mirsait.sabirzyanov.poly.ptennis;
				PRODUCT_NAME = "$(TARGET_NAME)";
				SUPPORTED_PLATFORMS = "iphoneos iphonesimulator";
				SUPPORTS_MACCATALYST = NO;
				SUPPORTS_MAC_DESIGNED_FOR_IPHONE_IPAD = NO;
				SWIFT_EMIT_LOC_STRINGS = YES;
				SWIFT_VERSION = 5.0;
				TARGETED_DEVICE_FAMILY = 1;
			};
			name = Debug;
		};
		3B74C0982BC01177000A75A9 /* Release */ = {
			isa = XCBuildConfiguration;
			buildSettings = {
				ASSETCATALOG_COMPILER_APPICON_NAME = AppIcon;
				ASSETCATALOG_COMPILER_GLOBAL_ACCENT_COLOR_NAME = AccentColor;
				CODE_SIGN_STYLE = Automatic;
				CURRENT_PROJECT_VERSION = 1;
				DEVELOPMENT_ASSET_PATHS = "\"PTennis/Preview Content\"";
				DEVELOPMENT_TEAM = 5KT477LB69;
				ENABLE_PREVIEWS = YES;
				GENERATE_INFOPLIST_FILE = YES;
				INFOPLIST_KEY_UIApplicationSceneManifest_Generation = YES;
				INFOPLIST_KEY_UIApplicationSupportsIndirectInputEvents = YES;
				INFOPLIST_KEY_UILaunchScreen_Generation = YES;
				INFOPLIST_KEY_UIStatusBarStyle = "";
				INFOPLIST_KEY_UISupportedInterfaceOrientations = UIInterfaceOrientationPortrait;
				INFOPLIST_KEY_UISupportedInterfaceOrientations_iPad = "UIInterfaceOrientationLandscapeLeft UIInterfaceOrientationLandscapeRight UIInterfaceOrientationPortrait UIInterfaceOrientationPortraitUpsideDown";
				IPHONEOS_DEPLOYMENT_TARGET = 17.0;
				LD_RUNPATH_SEARCH_PATHS = (
					"$(inherited)",
					"@executable_path/Frameworks",
				);
				MARKETING_VERSION = 1.0;
				PRODUCT_BUNDLE_IDENTIFIER = com.mirsait.sabirzyanov.poly.ptennis;
				PRODUCT_NAME = "$(TARGET_NAME)";
				SUPPORTED_PLATFORMS = "iphoneos iphonesimulator";
				SUPPORTS_MACCATALYST = NO;
				SUPPORTS_MAC_DESIGNED_FOR_IPHONE_IPAD = NO;
				SWIFT_EMIT_LOC_STRINGS = YES;
				SWIFT_VERSION = 5.0;
				TARGETED_DEVICE_FAMILY = 1;
			};
			name = Release;
		};
/* End XCBuildConfiguration section */

/* Begin XCConfigurationList section */
		3B74C0832BC01176000A75A9 /* Build configuration list for PBXProject "PTennis" */ = {
			isa = XCConfigurationList;
			buildConfigurations = (
				3B74C0942BC01177000A75A9 /* Debug */,
				3B74C0952BC01177000A75A9 /* Release */,
			);
			defaultConfigurationIsVisible = 0;
			defaultConfigurationName = Release;
		};
		3B74C0962BC01177000A75A9 /* Build configuration list for PBXNativeTarget "PTennis" */ = {
			isa = XCConfigurationList;
			buildConfigurations = (
				3B74C0972BC01177000A75A9 /* Debug */,
				3B74C0982BC01177000A75A9 /* Release */,
			);
			defaultConfigurationIsVisible = 0;
			defaultConfigurationName = Release;
		};
/* End XCConfigurationList section */

/* Begin XCRemoteSwiftPackageReference section */
		3B6455F22BD410820016DD54 /* XCRemoteSwiftPackageReference "CustomTextField" */ = {
			isa = XCRemoteSwiftPackageReference;
			repositoryURL = "https://github.com/MAAlsaleh0/CustomTextField.git";
			requirement = {
				branch = main;
				kind = branch;
			};
		};
		3BDB86F02BD2B2AD00E3135E /* XCRemoteSwiftPackageReference "firebase-ios-sdk" */ = {
			isa = XCRemoteSwiftPackageReference;
			repositoryURL = "https://github.com/firebase/firebase-ios-sdk.git";
			requirement = {
				kind = upToNextMajorVersion;
				minimumVersion = 10.24.0;
			};
		};
/* End XCRemoteSwiftPackageReference section */

/* Begin XCSwiftPackageProductDependency section */
		3B6455F32BD410820016DD54 /* CustomTextField */ = {
			isa = XCSwiftPackageProductDependency;
			package = 3B6455F22BD410820016DD54 /* XCRemoteSwiftPackageReference "CustomTextField" */;
			productName = CustomTextField;
		};
		3BDB86F12BD2B2AD00E3135E /* FirebaseAnalytics */ = {
			isa = XCSwiftPackageProductDependency;
			package = 3BDB86F02BD2B2AD00E3135E /* XCRemoteSwiftPackageReference "firebase-ios-sdk" */;
			productName = FirebaseAnalytics;
		};
		3BDB86F32BD2B2AD00E3135E /* FirebaseAnalyticsOnDeviceConversion */ = {
			isa = XCSwiftPackageProductDependency;
			package = 3BDB86F02BD2B2AD00E3135E /* XCRemoteSwiftPackageReference "firebase-ios-sdk" */;
			productName = FirebaseAnalyticsOnDeviceConversion;
		};
		3BDB86F52BD2B2AD00E3135E /* FirebaseAnalyticsSwift */ = {
			isa = XCSwiftPackageProductDependency;
			package = 3BDB86F02BD2B2AD00E3135E /* XCRemoteSwiftPackageReference "firebase-ios-sdk" */;
			productName = FirebaseAnalyticsSwift;
		};
		3BDB86F72BD2B2AD00E3135E /* FirebaseAnalyticsWithoutAdIdSupport */ = {
			isa = XCSwiftPackageProductDependency;
			package = 3BDB86F02BD2B2AD00E3135E /* XCRemoteSwiftPackageReference "firebase-ios-sdk" */;
			productName = FirebaseAnalyticsWithoutAdIdSupport;
		};
		3BDB86F92BD2B2AD00E3135E /* FirebaseAppCheck */ = {
			isa = XCSwiftPackageProductDependency;
			package = 3BDB86F02BD2B2AD00E3135E /* XCRemoteSwiftPackageReference "firebase-ios-sdk" */;
			productName = FirebaseAppCheck;
		};
		3BDB86FB2BD2B2AD00E3135E /* FirebaseAppDistribution-Beta */ = {
			isa = XCSwiftPackageProductDependency;
			package = 3BDB86F02BD2B2AD00E3135E /* XCRemoteSwiftPackageReference "firebase-ios-sdk" */;
			productName = "FirebaseAppDistribution-Beta";
		};
		3BDB86FD2BD2B2AD00E3135E /* FirebaseAuth */ = {
			isa = XCSwiftPackageProductDependency;
			package = 3BDB86F02BD2B2AD00E3135E /* XCRemoteSwiftPackageReference "firebase-ios-sdk" */;
			productName = FirebaseAuth;
		};
		3BDB86FF2BD2B2AD00E3135E /* FirebaseAuthCombine-Community */ = {
			isa = XCSwiftPackageProductDependency;
			package = 3BDB86F02BD2B2AD00E3135E /* XCRemoteSwiftPackageReference "firebase-ios-sdk" */;
			productName = "FirebaseAuthCombine-Community";
		};
		3BDB87012BD2B2AD00E3135E /* FirebaseCrashlytics */ = {
			isa = XCSwiftPackageProductDependency;
			package = 3BDB86F02BD2B2AD00E3135E /* XCRemoteSwiftPackageReference "firebase-ios-sdk" */;
			productName = FirebaseCrashlytics;
		};
		3BDB87032BD2B2AD00E3135E /* FirebaseDatabase */ = {
			isa = XCSwiftPackageProductDependency;
			package = 3BDB86F02BD2B2AD00E3135E /* XCRemoteSwiftPackageReference "firebase-ios-sdk" */;
			productName = FirebaseDatabase;
		};
		3BDB87052BD2B2AD00E3135E /* FirebaseDatabaseSwift */ = {
			isa = XCSwiftPackageProductDependency;
			package = 3BDB86F02BD2B2AD00E3135E /* XCRemoteSwiftPackageReference "firebase-ios-sdk" */;
			productName = FirebaseDatabaseSwift;
		};
		3BDB87072BD2B2AD00E3135E /* FirebaseDynamicLinks */ = {
			isa = XCSwiftPackageProductDependency;
			package = 3BDB86F02BD2B2AD00E3135E /* XCRemoteSwiftPackageReference "firebase-ios-sdk" */;
			productName = FirebaseDynamicLinks;
		};
		3BDB87092BD2B2AD00E3135E /* FirebaseFirestore */ = {
			isa = XCSwiftPackageProductDependency;
			package = 3BDB86F02BD2B2AD00E3135E /* XCRemoteSwiftPackageReference "firebase-ios-sdk" */;
			productName = FirebaseFirestore;
		};
		3BDB870B2BD2B2AD00E3135E /* FirebaseFirestoreCombine-Community */ = {
			isa = XCSwiftPackageProductDependency;
			package = 3BDB86F02BD2B2AD00E3135E /* XCRemoteSwiftPackageReference "firebase-ios-sdk" */;
			productName = "FirebaseFirestoreCombine-Community";
		};
		3BDB870D2BD2B2AD00E3135E /* FirebaseFirestoreSwift */ = {
			isa = XCSwiftPackageProductDependency;
			package = 3BDB86F02BD2B2AD00E3135E /* XCRemoteSwiftPackageReference "firebase-ios-sdk" */;
			productName = FirebaseFirestoreSwift;
		};
		3BDB870F2BD2B2AD00E3135E /* FirebaseFunctions */ = {
			isa = XCSwiftPackageProductDependency;
			package = 3BDB86F02BD2B2AD00E3135E /* XCRemoteSwiftPackageReference "firebase-ios-sdk" */;
			productName = FirebaseFunctions;
		};
		3BDB87112BD2B2AD00E3135E /* FirebaseFunctionsCombine-Community */ = {
			isa = XCSwiftPackageProductDependency;
			package = 3BDB86F02BD2B2AD00E3135E /* XCRemoteSwiftPackageReference "firebase-ios-sdk" */;
			productName = "FirebaseFunctionsCombine-Community";
		};
		3BDB87132BD2B2AD00E3135E /* FirebaseInAppMessaging-Beta */ = {
			isa = XCSwiftPackageProductDependency;
			package = 3BDB86F02BD2B2AD00E3135E /* XCRemoteSwiftPackageReference "firebase-ios-sdk" */;
			productName = "FirebaseInAppMessaging-Beta";
		};
		3BDB87152BD2B2AD00E3135E /* FirebaseInAppMessagingSwift-Beta */ = {
			isa = XCSwiftPackageProductDependency;
			package = 3BDB86F02BD2B2AD00E3135E /* XCRemoteSwiftPackageReference "firebase-ios-sdk" */;
			productName = "FirebaseInAppMessagingSwift-Beta";
		};
		3BDB87172BD2B2AD00E3135E /* FirebaseInstallations */ = {
			isa = XCSwiftPackageProductDependency;
			package = 3BDB86F02BD2B2AD00E3135E /* XCRemoteSwiftPackageReference "firebase-ios-sdk" */;
			productName = FirebaseInstallations;
		};
		3BDB87192BD2B2AD00E3135E /* FirebaseMLModelDownloader */ = {
			isa = XCSwiftPackageProductDependency;
			package = 3BDB86F02BD2B2AD00E3135E /* XCRemoteSwiftPackageReference "firebase-ios-sdk" */;
			productName = FirebaseMLModelDownloader;
		};
		3BDB871B2BD2B2AD00E3135E /* FirebaseMessaging */ = {
			isa = XCSwiftPackageProductDependency;
			package = 3BDB86F02BD2B2AD00E3135E /* XCRemoteSwiftPackageReference "firebase-ios-sdk" */;
			productName = FirebaseMessaging;
		};
		3BDB871D2BD2B2AD00E3135E /* FirebasePerformance */ = {
			isa = XCSwiftPackageProductDependency;
			package = 3BDB86F02BD2B2AD00E3135E /* XCRemoteSwiftPackageReference "firebase-ios-sdk" */;
			productName = FirebasePerformance;
		};
		3BDB871F2BD2B2AD00E3135E /* FirebaseRemoteConfig */ = {
			isa = XCSwiftPackageProductDependency;
			package = 3BDB86F02BD2B2AD00E3135E /* XCRemoteSwiftPackageReference "firebase-ios-sdk" */;
			productName = FirebaseRemoteConfig;
		};
		3BDB87212BD2B2AD00E3135E /* FirebaseRemoteConfigSwift */ = {
			isa = XCSwiftPackageProductDependency;
			package = 3BDB86F02BD2B2AD00E3135E /* XCRemoteSwiftPackageReference "firebase-ios-sdk" */;
			productName = FirebaseRemoteConfigSwift;
		};
		3BDB87232BD2B2AD00E3135E /* FirebaseStorage */ = {
			isa = XCSwiftPackageProductDependency;
			package = 3BDB86F02BD2B2AD00E3135E /* XCRemoteSwiftPackageReference "firebase-ios-sdk" */;
			productName = FirebaseStorage;
		};
		3BDB87252BD2B2AD00E3135E /* FirebaseStorageCombine-Community */ = {
			isa = XCSwiftPackageProductDependency;
			package = 3BDB86F02BD2B2AD00E3135E /* XCRemoteSwiftPackageReference "firebase-ios-sdk" */;
			productName = "FirebaseStorageCombine-Community";
		};
/* End XCSwiftPackageProductDependency section */
	};
	rootObject = 3B74C0802BC01176000A75A9 /* Project object */;
}
